
Microsoft Visual Studio Solution File, Format Version 12.00
# Visual Studio Version 16
VisualStudioVersion = 16.0.31205.134
MinimumVisualStudioVersion = 10.0.40219.1
Project("{2150E333-8FDC-42A3-9474-1A3956D46DE8}") = "Solution Items", "Solution Items", "{B24A38CA-091C-48BD-BE95-648FB09A47AC}"
	ProjectSection(SolutionItems) = preProject
		.gitignore = .gitignore
		LICENSE = LICENSE
		Makefile = Makefile
		README.md = README.md
	EndProjectSection
EndProject
Project("{2150E333-8FDC-42A3-9474-1A3956D46DE8}") = "tools", "tools", "{4E6FE70B-793C-4BC0-8824-5286419C15C4}"
	ProjectSection(SolutionItems) = preProject
		tools\grpc_csharp_plugin.exe = tools\grpc_csharp_plugin.exe
		tools\protoc.exe = tools\protoc.exe
	EndProjectSection
EndProject
Project("{9A19103F-16F7-4668-BE54-9A1E7A4F7556}") = "Pipeline.Agent", "src\Pipeline.Agent.csproj", "{5A0FEBC9-4FF3-4DEB-91B3-CFAA7F76485B}"
EndProject
Global
	GlobalSection(SolutionConfigurationPlatforms) = preSolution
		Debug|Any CPU = Debug|Any CPU
		Release|Any CPU = Release|Any CPU
	EndGlobalSection
	GlobalSection(ProjectConfigurationPlatforms) = postSolution
		{5A0FEBC9-4FF3-4DEB-91B3-CFAA7F76485B}.Debug|Any CPU.ActiveCfg = Debug|Any CPU
		{5A0FEBC9-4FF3-4DEB-91B3-CFAA7F76485B}.Debug|Any CPU.Build.0 = Debug|Any CPU
		{5A0FEBC9-4FF3-4DEB-91B3-CFAA7F76485B}.Release|Any CPU.ActiveCfg = Release|Any CPU
		{5A0FEBC9-4FF3-4DEB-91B3-CFAA7F76485B}.Release|Any CPU.Build.0 = Release|Any CPU
	EndGlobalSection
	GlobalSection(SolutionProperties) = preSolution
		HideSolutionNode = FALSE
	EndGlobalSection
	GlobalSection(NestedProjects) = preSolution
		{4E6FE70B-793C-4BC0-8824-5286419C15C4} = {B24A38CA-091C-48BD-BE95-648FB09A47AC}
	EndGlobalSection
	GlobalSection(ExtensibilityGlobals) = postSolution
		SolutionGuid = {01D18687-6ADC-46F2-8D07-83A5F1B04D22}
	EndGlobalSection
EndGlobal
